
Microsoft Visual Studio Solution File, Format Version 12.00
# Visual Studio Version 16
VisualStudioVersion = 16.0.31313.79
MinimumVisualStudioVersion = 10.0.40219.1
Project("{FAE04EC0-301F-11D3-BF4B-00C04F79EFBC}") = "pizzaClient", "pizzaClient\pizzaClient.csproj", "{DEBB915F-07A9-47AC-AD95-C7014926589B}"
EndProject
Global
	GlobalSection(SolutionConfigurationPlatforms) = preSolution
		Debug|Any CPU = Debug|Any CPU
		Release|Any CPU = Release|Any CPU
	EndGlobalSection
	GlobalSection(ProjectConfigurationPlatforms) = postSolution
		{DEBB915F-07A9-47AC-AD95-C7014926589B}.Debug|Any CPU.ActiveCfg = Debug|Any CPU
		{DEBB915F-07A9-47AC-AD95-C7014926589B}.Debug|Any CPU.Build.0 = Debug|Any CPU
		{DEBB915F-07A9-47AC-AD95-C7014926589B}.Release|Any CPU.ActiveCfg = Release|Any CPU
		{DEBB915F-07A9-47AC-AD95-C7014926589B}.Release|Any CPU.Build.0 = Release|Any CPU
	EndGlobalSection
	GlobalSection(SolutionProperties) = preSolution
		HideSolutionNode = FALSE
	EndGlobalSection
	GlobalSection(ExtensibilityGlobals) = postSolution
		SolutionGuid = {9B5E4C7D-8369-48CA-B7B9-97972879AD50}
	EndGlobalSection
EndGlobal
